
Microsoft Visual Studio Solution File, Format Version 12.00
# Visual Studio Version 16
VisualStudioVersion = 16.0.810.5
MinimumVisualStudioVersion = 10.0.40219.1
Project("{FAE04EC0-301F-11D3-BF4B-00C04F79EFBC}") = "ReflectionSample", "ReflectionSample\ReflectionSample.csproj", "{5A001CCC-5E3D-4C83-B720-2DAF9B6847FE}"
EndProject
Global
	GlobalSection(SolutionConfigurationPlatforms) = preSolution
		Debug|Any CPU = Debug|Any CPU
		Release|Any CPU = Release|Any CPU
	EndGlobalSection
	GlobalSection(ProjectConfigurationPlatforms) = postSolution
		{5A001CCC-5E3D-4C83-B720-2DAF9B6847FE}.Debug|Any CPU.ActiveCfg = Debug|Any CPU
		{5A001CCC-5E3D-4C83-B720-2DAF9B6847FE}.Debug|Any CPU.Build.0 = Debug|Any CPU
		{5A001CCC-5E3D-4C83-B720-2DAF9B6847FE}.Release|Any CPU.ActiveCfg = Release|Any CPU
		{5A001CCC-5E3D-4C83-B720-2DAF9B6847FE}.Release|Any CPU.Build.0 = Release|Any CPU
	EndGlobalSection
	GlobalSection(SolutionProperties) = preSolution
		HideSolutionNode = FALSE
	EndGlobalSection
	GlobalSection(ExtensibilityGlobals) = postSolution
		SolutionGuid = {DE36260D-50F2-4775-B480-E3978048EE61}
	EndGlobalSection
EndGlobal
