
Microsoft Visual Studio Solution File, Format Version 12.00
# Visual Studio Version 16
VisualStudioVersion = 16.0.810.5
MinimumVisualStudioVersion = 10.0.40219.1
Project("{FAE04EC0-301F-11D3-BF4B-00C04F79EFBC}") = "Paralellism", "Paralellism\Paralellism.csproj", "{5085ACBD-18E4-4D5A-AFA9-0F38E26C2914}"
EndProject
Global
	GlobalSection(SolutionConfigurationPlatforms) = preSolution
		Debug|Any CPU = Debug|Any CPU
		Release|Any CPU = Release|Any CPU
	EndGlobalSection
	GlobalSection(ProjectConfigurationPlatforms) = postSolution
		{5085ACBD-18E4-4D5A-AFA9-0F38E26C2914}.Debug|Any CPU.ActiveCfg = Debug|Any CPU
		{5085ACBD-18E4-4D5A-AFA9-0F38E26C2914}.Debug|Any CPU.Build.0 = Debug|Any CPU
		{5085ACBD-18E4-4D5A-AFA9-0F38E26C2914}.Release|Any CPU.ActiveCfg = Release|Any CPU
		{5085ACBD-18E4-4D5A-AFA9-0F38E26C2914}.Release|Any CPU.Build.0 = Release|Any CPU
	EndGlobalSection
	GlobalSection(SolutionProperties) = preSolution
		HideSolutionNode = FALSE
	EndGlobalSection
	GlobalSection(ExtensibilityGlobals) = postSolution
		SolutionGuid = {DDF7261B-84DA-4A77-8027-ADB7B7569EDB}
	EndGlobalSection
EndGlobal
