
Microsoft Visual Studio Solution File, Format Version 12.00
# Visual Studio Version 16
VisualStudioVersion = 16.0.810.12
MinimumVisualStudioVersion = 10.0.40219.1
Project("{FAE04EC0-301F-11D3-BF4B-00C04F79EFBC}") = "DesignPatterns2", "DesignPatterns2\DesignPatterns2.csproj", "{BEE27651-14C5-4954-81A3-546C1643616D}"
EndProject
Global
	GlobalSection(SolutionConfigurationPlatforms) = preSolution
		Debug|Any CPU = Debug|Any CPU
		Release|Any CPU = Release|Any CPU
	EndGlobalSection
	GlobalSection(ProjectConfigurationPlatforms) = postSolution
		{BEE27651-14C5-4954-81A3-546C1643616D}.Debug|Any CPU.ActiveCfg = Debug|Any CPU
		{BEE27651-14C5-4954-81A3-546C1643616D}.Debug|Any CPU.Build.0 = Debug|Any CPU
		{BEE27651-14C5-4954-81A3-546C1643616D}.Release|Any CPU.ActiveCfg = Release|Any CPU
		{BEE27651-14C5-4954-81A3-546C1643616D}.Release|Any CPU.Build.0 = Release|Any CPU
	EndGlobalSection
	GlobalSection(SolutionProperties) = preSolution
		HideSolutionNode = FALSE
	EndGlobalSection
	GlobalSection(ExtensibilityGlobals) = postSolution
		SolutionGuid = {034537BE-1C21-47E1-93F9-00B141F61F68}
	EndGlobalSection
EndGlobal
