
Microsoft Visual Studio Solution File, Format Version 12.00
# Visual Studio Version 16
VisualStudioVersion = 25.0.1704.2
MinimumVisualStudioVersion = 10.0.40219.1
Project("{FAE04EC0-301F-11D3-BF4B-00C04F79EFBC}") = "SQSPublisher", "SQSPublisher\SQSPublisher.csproj", "{DF6B8E81-3089-410F-84D9-CB7EA3859196}"
EndProject
Project("{FAE04EC0-301F-11D3-BF4B-00C04F79EFBC}") = "SQSConsumer", "SQSConsumer\SQSConsumer.csproj", "{814ADBE0-0EA1-4796-B693-A32213F6FB65}"
EndProject
Project("{FAE04EC0-301F-11D3-BF4B-00C04F79EFBC}") = "Consumers.Api", "Consumers.Api\Consumers.Api.csproj", "{A8AB4BA6-A576-45E7-ADAF-9DE14822CF14}"
EndProject
Project("{FAE04EC0-301F-11D3-BF4B-00C04F79EFBC}") = "CustomerConsumer.Api", "CustomerConsumer.Api\CustomerConsumer.Api.csproj", "{BF5AAEA2-7035-4F80-9230-EB9398958AA8}"
EndProject
Global
	GlobalSection(SolutionConfigurationPlatforms) = preSolution
		Debug|Any CPU = Debug|Any CPU
		Release|Any CPU = Release|Any CPU
	EndGlobalSection
	GlobalSection(ProjectConfigurationPlatforms) = postSolution
		{DF6B8E81-3089-410F-84D9-CB7EA3859196}.Debug|Any CPU.ActiveCfg = Debug|Any CPU
		{DF6B8E81-3089-410F-84D9-CB7EA3859196}.Debug|Any CPU.Build.0 = Debug|Any CPU
		{DF6B8E81-3089-410F-84D9-CB7EA3859196}.Release|Any CPU.ActiveCfg = Release|Any CPU
		{DF6B8E81-3089-410F-84D9-CB7EA3859196}.Release|Any CPU.Build.0 = Release|Any CPU
		{814ADBE0-0EA1-4796-B693-A32213F6FB65}.Debug|Any CPU.ActiveCfg = Debug|Any CPU
		{814ADBE0-0EA1-4796-B693-A32213F6FB65}.Debug|Any CPU.Build.0 = Debug|Any CPU
		{814ADBE0-0EA1-4796-B693-A32213F6FB65}.Release|Any CPU.ActiveCfg = Release|Any CPU
		{814ADBE0-0EA1-4796-B693-A32213F6FB65}.Release|Any CPU.Build.0 = Release|Any CPU
		{A8AB4BA6-A576-45E7-ADAF-9DE14822CF14}.Debug|Any CPU.ActiveCfg = Debug|Any CPU
		{A8AB4BA6-A576-45E7-ADAF-9DE14822CF14}.Debug|Any CPU.Build.0 = Debug|Any CPU
		{A8AB4BA6-A576-45E7-ADAF-9DE14822CF14}.Release|Any CPU.ActiveCfg = Release|Any CPU
		{A8AB4BA6-A576-45E7-ADAF-9DE14822CF14}.Release|Any CPU.Build.0 = Release|Any CPU
		{BF5AAEA2-7035-4F80-9230-EB9398958AA8}.Debug|Any CPU.ActiveCfg = Debug|Any CPU
		{BF5AAEA2-7035-4F80-9230-EB9398958AA8}.Debug|Any CPU.Build.0 = Debug|Any CPU
		{BF5AAEA2-7035-4F80-9230-EB9398958AA8}.Release|Any CPU.ActiveCfg = Release|Any CPU
		{BF5AAEA2-7035-4F80-9230-EB9398958AA8}.Release|Any CPU.Build.0 = Release|Any CPU
	EndGlobalSection
	GlobalSection(SolutionProperties) = preSolution
		HideSolutionNode = FALSE
	EndGlobalSection
	GlobalSection(ExtensibilityGlobals) = postSolution
		SolutionGuid = {4EA882EC-121E-4906-8CB2-A7A50AE72F1F}
	EndGlobalSection
EndGlobal
