
Microsoft Visual Studio Solution File, Format Version 12.00
# Visual Studio Version 16
VisualStudioVersion = 16.0.810.14
MinimumVisualStudioVersion = 10.0.40219.1
Project("{FAE04EC0-301F-11D3-BF4B-00C04F79EFBC}") = "WebProject", "UnderTheHood\WebProject.csproj", "{F5220448-1AEE-4E95-840F-145EA18F9240}"
EndProject
Project("{FAE04EC0-301F-11D3-BF4B-00C04F79EFBC}") = "UnderTheHoodApi", "UnderTheHoodApi\UnderTheHoodApi.csproj", "{0983E1E5-48F2-4149-93A2-E11D7F94E2BD}"
EndProject
Global
	GlobalSection(SolutionConfigurationPlatforms) = preSolution
		Debug|Any CPU = Debug|Any CPU
		Release|Any CPU = Release|Any CPU
	EndGlobalSection
	GlobalSection(ProjectConfigurationPlatforms) = postSolution
		{F5220448-1AEE-4E95-840F-145EA18F9240}.Debug|Any CPU.ActiveCfg = Debug|Any CPU
		{F5220448-1AEE-4E95-840F-145EA18F9240}.Debug|Any CPU.Build.0 = Debug|Any CPU
		{F5220448-1AEE-4E95-840F-145EA18F9240}.Release|Any CPU.ActiveCfg = Release|Any CPU
		{F5220448-1AEE-4E95-840F-145EA18F9240}.Release|Any CPU.Build.0 = Release|Any CPU
		{0983E1E5-48F2-4149-93A2-E11D7F94E2BD}.Debug|Any CPU.ActiveCfg = Debug|Any CPU
		{0983E1E5-48F2-4149-93A2-E11D7F94E2BD}.Debug|Any CPU.Build.0 = Debug|Any CPU
		{0983E1E5-48F2-4149-93A2-E11D7F94E2BD}.Release|Any CPU.ActiveCfg = Release|Any CPU
		{0983E1E5-48F2-4149-93A2-E11D7F94E2BD}.Release|Any CPU.Build.0 = Release|Any CPU
	EndGlobalSection
	GlobalSection(SolutionProperties) = preSolution
		HideSolutionNode = FALSE
	EndGlobalSection
	GlobalSection(ExtensibilityGlobals) = postSolution
		SolutionGuid = {EADDD23B-90FB-455F-8417-A211D0089DC4}
	EndGlobalSection
EndGlobal
